
Microsoft Visual Studio Solution File, Format Version 12.00
# Visual Studio Version 17
VisualStudioVersion = 17.0.31903.59
MinimumVisualStudioVersion = 10.0.40219.1
Project("{2150E333-8FDC-42A3-9474-1A3956D46DE8}") = "server", "server", "{F44C02F7-856D-494E-A850-A0CC8015AB90}"
EndProject
Project("{FAE04EC0-301F-11D3-BF4B-00C04F79EFBC}") = "GameServer", "server\GameServer\GameServer.csproj", "{B03E9BC6-8C0D-499F-B280-7A0922769F5C}"
EndProject
Project("{2150E333-8FDC-42A3-9474-1A3956D46DE8}") = "bot", "bot", "{F8C5179B-DB09-4F51-A61E-D212201A8C09}"
EndProject
Project("{FAE04EC0-301F-11D3-BF4B-00C04F79EFBC}") = "BotClient", "bot\BotClient\BotClient.csproj", "{C3BD405F-FC87-447A-B9E3-78B4803C7B03}"
EndProject
Project("{2150E333-8FDC-42A3-9474-1A3956D46DE8}") = "shared", "shared", "{69D7ACD7-F5D1-4110-856F-BD8B49DF6EF9}"
EndProject
Project("{FAE04EC0-301F-11D3-BF4B-00C04F79EFBC}") = "Shared", "shared\Shared\Shared.csproj", "{3AEE7259-750E-48B4-BA3C-6F3C2C8256CC}"
EndProject
Global
	GlobalSection(SolutionConfigurationPlatforms) = preSolution
		Debug|Any CPU = Debug|Any CPU
		Release|Any CPU = Release|Any CPU
	EndGlobalSection
	GlobalSection(SolutionProperties) = preSolution
		HideSolutionNode = FALSE
	EndGlobalSection
	GlobalSection(ProjectConfigurationPlatforms) = postSolution
		{B03E9BC6-8C0D-499F-B280-7A0922769F5C}.Debug|Any CPU.ActiveCfg = Debug|Any CPU
		{B03E9BC6-8C0D-499F-B280-7A0922769F5C}.Debug|Any CPU.Build.0 = Debug|Any CPU
		{B03E9BC6-8C0D-499F-B280-7A0922769F5C}.Release|Any CPU.ActiveCfg = Release|Any CPU
		{B03E9BC6-8C0D-499F-B280-7A0922769F5C}.Release|Any CPU.Build.0 = Release|Any CPU
		{C3BD405F-FC87-447A-B9E3-78B4803C7B03}.Debug|Any CPU.ActiveCfg = Debug|Any CPU
		{C3BD405F-FC87-447A-B9E3-78B4803C7B03}.Debug|Any CPU.Build.0 = Debug|Any CPU
		{C3BD405F-FC87-447A-B9E3-78B4803C7B03}.Release|Any CPU.ActiveCfg = Release|Any CPU
		{C3BD405F-FC87-447A-B9E3-78B4803C7B03}.Release|Any CPU.Build.0 = Release|Any CPU
		{3AEE7259-750E-48B4-BA3C-6F3C2C8256CC}.Debug|Any CPU.ActiveCfg = Debug|Any CPU
		{3AEE7259-750E-48B4-BA3C-6F3C2C8256CC}.Debug|Any CPU.Build.0 = Debug|Any CPU
		{3AEE7259-750E-48B4-BA3C-6F3C2C8256CC}.Release|Any CPU.ActiveCfg = Release|Any CPU
		{3AEE7259-750E-48B4-BA3C-6F3C2C8256CC}.Release|Any CPU.Build.0 = Release|Any CPU
	EndGlobalSection
	GlobalSection(NestedProjects) = preSolution
		{B03E9BC6-8C0D-499F-B280-7A0922769F5C} = {F44C02F7-856D-494E-A850-A0CC8015AB90}
		{C3BD405F-FC87-447A-B9E3-78B4803C7B03} = {F8C5179B-DB09-4F51-A61E-D212201A8C09}
		{3AEE7259-750E-48B4-BA3C-6F3C2C8256CC} = {69D7ACD7-F5D1-4110-856F-BD8B49DF6EF9}
	EndGlobalSection
EndGlobal
